{
    "_readme": [
        "This file locks the dependencies of your project to a known state",
        "Read more about it at https://getcomposer.org/doc/01-basic-usage.md#installing-dependencies",
        "This file is @generated automatically"
    ],
    "content-hash": "b6cc38885fe160d6a1ddf1c6cdfb6b89",
    "packages": [
        {
            "name": "rubobaquero/phpquery",
            "version": "0.9.15",
            "source": {
                "type": "git",
                "url": "https://github.com/rubobaquero/phpquery.git",
                "reference": "d2c3c1bb8a9d48dd0f1230bda2413ce38108b5fe"
            },
            "dist": {
                "type": "zip",
                "url": "https://api.github.com/repos/rubobaquero/phpquery/zipball/d2c3c1bb8a9d48dd0f1230bda2413ce38108b5fe",
                "reference": "d2c3c1bb8a9d48dd0f1230bda2413ce38108b5fe",
                "shasum": ""
            },
            "require": {
                "php": ">=5.3.0"
            },
            "type": "library",
            "autoload": {
                "classmap": [
                    "phpQuery/"
                ]
            },
            "notification-url": "https://packagist.org/downloads/",
            "license": [
                "MIT"
            ],
            "authors": [
                {
                    "name": "didier Belot",
                    "homepage": "https://github.com/electrolinux/phpquery",
                    "role": "Packager, maintainer"
                },
                {
                    "name": "Tobiasz Cudnik",
                    "email": "tobiasz.cudnik@gmail.com",
                    "homepage": "https://github.com/TobiaszCudnik",
                    "role": "Developer"
                }
            ],
            "description": "phpQuery is a server-side, chainable, CSS3 selector driven Document Object Model (DOM) API based on jQuery JavaScript Library",
            "homepage": "http://code.google.com/p/phpquery/",
            "support": {
                "source": "https://github.com/rubobaquero/phpquery/tree/0.9.15"
            },
            "time": "2022-05-03T12:31:11+00:00"
        }
    ],
    "packages-dev": [],
    "aliases": [],
    "minimum-stability": "stable",
    "stability-flags": {},
    "prefer-stable": false,
    "prefer-lowest": false,
    "platform": {},
    "platform-dev": {},
    "plugin-api-version": "2.6.0"
}
